
Microsoft Visual Studio Solution File, Format Version 12.00
# Visual Studio Version 17
VisualStudioVersion = 17.11.35312.102
MinimumVisualStudioVersion = 10.0.40219.1
Project("{FAE04EC0-301F-11D3-BF4B-00C04F79EFBC}") = "RazorPagesMovie", "RazorPagesMovie\RazorPagesMovie.csproj", "{CDD2A11A-BA1C-42C0-8DBA-57E0FC8D7F51}"
EndProject
Global
	GlobalSection(SolutionConfigurationPlatforms) = preSolution
		Debug|Any CPU = Debug|Any CPU
		Release|Any CPU = Release|Any CPU
	EndGlobalSection
	GlobalSection(ProjectConfigurationPlatforms) = postSolution
		{CDD2A11A-BA1C-42C0-8DBA-57E0FC8D7F51}.Debug|Any CPU.ActiveCfg = Debug|Any CPU
		{CDD2A11A-BA1C-42C0-8DBA-57E0FC8D7F51}.Debug|Any CPU.Build.0 = Debug|Any CPU
		{CDD2A11A-BA1C-42C0-8DBA-57E0FC8D7F51}.Release|Any CPU.ActiveCfg = Release|Any CPU
		{CDD2A11A-BA1C-42C0-8DBA-57E0FC8D7F51}.Release|Any CPU.Build.0 = Release|Any CPU
	EndGlobalSection
	GlobalSection(SolutionProperties) = preSolution
		HideSolutionNode = FALSE
	EndGlobalSection
	GlobalSection(ExtensibilityGlobals) = postSolution
		SolutionGuid = {BB9A30C3-39DF-43C1-B010-420F99FC31A7}
	EndGlobalSection
EndGlobal
